
Microsoft Visual Studio Solution File, Format Version 12.00
# Visual Studio Version 16
VisualStudioVersion = 16.0.29020.237
MinimumVisualStudioVersion = 10.0.40219.1
Project("{9A19103F-16F7-4668-BE54-9A1E7A4F7556}") = "Server", "ConsoleApp1\Server.csproj", "{81F30D06-E7AB-48E6-A483-988AF5159E94}"
EndProject
Project("{9A19103F-16F7-4668-BE54-9A1E7A4F7556}") = "protocol", "protocol\protocol.csproj", "{7413ACCD-19B0-492D-A9C9-516F26098DCD}"
EndProject
Project("{9A19103F-16F7-4668-BE54-9A1E7A4F7556}") = "Test", "ConsoleApp2\Test.csproj", "{089FB302-8294-4413-BF38-6367FA2FD4F2}"
EndProject
Global
	GlobalSection(SolutionConfigurationPlatforms) = preSolution
		Debug|Any CPU = Debug|Any CPU
		Release|Any CPU = Release|Any CPU
	EndGlobalSection
	GlobalSection(ProjectConfigurationPlatforms) = postSolution
		{81F30D06-E7AB-48E6-A483-988AF5159E94}.Debug|Any CPU.ActiveCfg = Debug|Any CPU
		{81F30D06-E7AB-48E6-A483-988AF5159E94}.Debug|Any CPU.Build.0 = Debug|Any CPU
		{81F30D06-E7AB-48E6-A483-988AF5159E94}.Release|Any CPU.ActiveCfg = Release|Any CPU
		{81F30D06-E7AB-48E6-A483-988AF5159E94}.Release|Any CPU.Build.0 = Release|Any CPU
		{7413ACCD-19B0-492D-A9C9-516F26098DCD}.Debug|Any CPU.ActiveCfg = Debug|Any CPU
		{7413ACCD-19B0-492D-A9C9-516F26098DCD}.Debug|Any CPU.Build.0 = Debug|Any CPU
		{7413ACCD-19B0-492D-A9C9-516F26098DCD}.Release|Any CPU.ActiveCfg = Release|Any CPU
		{7413ACCD-19B0-492D-A9C9-516F26098DCD}.Release|Any CPU.Build.0 = Release|Any CPU
		{089FB302-8294-4413-BF38-6367FA2FD4F2}.Debug|Any CPU.ActiveCfg = Debug|Any CPU
		{089FB302-8294-4413-BF38-6367FA2FD4F2}.Debug|Any CPU.Build.0 = Debug|Any CPU
		{089FB302-8294-4413-BF38-6367FA2FD4F2}.Release|Any CPU.ActiveCfg = Release|Any CPU
		{089FB302-8294-4413-BF38-6367FA2FD4F2}.Release|Any CPU.Build.0 = Release|Any CPU
	EndGlobalSection
	GlobalSection(SolutionProperties) = preSolution
		HideSolutionNode = FALSE
	EndGlobalSection
	GlobalSection(ExtensibilityGlobals) = postSolution
		SolutionGuid = {152CD265-4888-4340-9E96-7D82FB9C0E14}
	EndGlobalSection
EndGlobal
