
Microsoft Visual Studio Solution File, Format Version 12.00
# Visual Studio Version 16
VisualStudioVersion = 16.0.29020.237
MinimumVisualStudioVersion = 10.0.40219.1
Project("{9A19103F-16F7-4668-BE54-9A1E7A4F7556}") = "protocol", "protocol\protocol.csproj", "{7413ACCD-19B0-492D-A9C9-516F26098DCD}"
EndProject
Project("{9A19103F-16F7-4668-BE54-9A1E7A4F7556}") = "Server", "Server\Server.csproj", "{63117C0E-CCEB-4851-A970-57947851F19C}"
EndProject
Project("{9A19103F-16F7-4668-BE54-9A1E7A4F7556}") = "Test", "Test\Test.csproj", "{2B9DDF56-1A6D-4482-B087-90B1DF2DE1AA}"
EndProject
Global
	GlobalSection(SolutionConfigurationPlatforms) = preSolution
		Debug|Any CPU = Debug|Any CPU
		Release|Any CPU = Release|Any CPU
	EndGlobalSection
	GlobalSection(ProjectConfigurationPlatforms) = postSolution
		{7413ACCD-19B0-492D-A9C9-516F26098DCD}.Debug|Any CPU.ActiveCfg = Debug|Any CPU
		{7413ACCD-19B0-492D-A9C9-516F26098DCD}.Debug|Any CPU.Build.0 = Debug|Any CPU
		{7413ACCD-19B0-492D-A9C9-516F26098DCD}.Release|Any CPU.ActiveCfg = Release|Any CPU
		{7413ACCD-19B0-492D-A9C9-516F26098DCD}.Release|Any CPU.Build.0 = Release|Any CPU
		{63117C0E-CCEB-4851-A970-57947851F19C}.Debug|Any CPU.ActiveCfg = Debug|Any CPU
		{63117C0E-CCEB-4851-A970-57947851F19C}.Debug|Any CPU.Build.0 = Debug|Any CPU
		{63117C0E-CCEB-4851-A970-57947851F19C}.Release|Any CPU.ActiveCfg = Release|Any CPU
		{63117C0E-CCEB-4851-A970-57947851F19C}.Release|Any CPU.Build.0 = Release|Any CPU
		{2B9DDF56-1A6D-4482-B087-90B1DF2DE1AA}.Debug|Any CPU.ActiveCfg = Debug|Any CPU
		{2B9DDF56-1A6D-4482-B087-90B1DF2DE1AA}.Debug|Any CPU.Build.0 = Debug|Any CPU
		{2B9DDF56-1A6D-4482-B087-90B1DF2DE1AA}.Release|Any CPU.ActiveCfg = Release|Any CPU
		{2B9DDF56-1A6D-4482-B087-90B1DF2DE1AA}.Release|Any CPU.Build.0 = Release|Any CPU
	EndGlobalSection
	GlobalSection(SolutionProperties) = preSolution
		HideSolutionNode = FALSE
	EndGlobalSection
	GlobalSection(ExtensibilityGlobals) = postSolution
		SolutionGuid = {152CD265-4888-4340-9E96-7D82FB9C0E14}
	EndGlobalSection
EndGlobal
